// !$*UTF8*$!
{
	archiveVersion = 1;
	classes = {
	};
	objectVersion = 77;
	objects = {

/* Begin PBXBuildFile section */
		A1B2C3D4E5F6A7B8C9D0E1F2 /* AgentEventBridge.swift in Sources */ = {isa = PBXBuildFile; fileRef = B2C3D4E5F6A7B8C9D0E1F2A3 /* AgentEventBridge.swift */; };
		1B32E185353EEBF4EB2C0920 /* TerminalView.swift in Sources */ = {isa = PBXBuildFile; fileRef = CE15D4AD41AC751DA3912D80 /* TerminalView.swift */; };
		237D03B6FE8A11160F6F3E91 /* FontAtlas.swift in Sources */ = {isa = PBXBuildFile; fileRef = 7D7A2B84C31A7A2B0F08D2C6 /* FontAtlas.swift */; };
		52EC6D5D3C3C771223FEAB2C /* SettingsView.swift in Sources */ = {isa = PBXBuildFile; fileRef = 4B2E470F5D085C5AB063BA8D /* SettingsView.swift */; };
		541F308E8899893ACB53348E /* GraphModel.swift in Sources */ = {isa = PBXBuildFile; fileRef = 49CD47C216D04A149EC384CB /* GraphModel.swift */; };
		55F4F8DC5ABB2A2A2BA9F413 /* ContentView.swift in Sources */ = {isa = PBXBuildFile; fileRef = 3CB2E1BF28D58F12D3EA3920 /* ContentView.swift */; };
		7E446AECDFB360BC0C1257B7 /* GraphRenderer.swift in Sources */ = {isa = PBXBuildFile; fileRef = 634FA434F24433E3FC0938BD /* GraphRenderer.swift */; };
		82C267FF215C01D125CB645C /* DashTermApp.swift in Sources */ = {isa = PBXBuildFile; fileRef = FB2368EEEE58BBE4CAE34930 /* DashTermApp.swift */; };
		8A13538B9FF45980FBD08713 /* TerminalSession.swift in Sources */ = {isa = PBXBuildFile; fileRef = CAE03708931E7F48890C5115 /* TerminalSession.swift */; };
		9691354D8B847CE459D4DEED /* Shaders.metal in Sources */ = {isa = PBXBuildFile; fileRef = BA7B33752E787C365C4C45B1 /* Shaders.metal */; };
		9943D81FE48FF0E626C5C0A4 /* MetalGraphView.swift in Sources */ = {isa = PBXBuildFile; fileRef = CABE3AEE9E8F71229391BFA2 /* MetalGraphView.swift */; };
		9F6CBE5CD1375E645244497C /* GraphPanelView.swift in Sources */ = {isa = PBXBuildFile; fileRef = 0FA4908A4C5468B987D3C4B0 /* GraphPanelView.swift */; };
/* End PBXBuildFile section */

/* Begin PBXFileReference section */
		08F5816887E5CFD623B83A8B /* DashTerm-Bridging-Header.h */ = {isa = PBXFileReference; lastKnownFileType = sourcecode.c.h; path = "DashTerm-Bridging-Header.h"; sourceTree = "<group>"; };
		B2C3D4E5F6A7B8C9D0E1F2A3 /* AgentEventBridge.swift */ = {isa = PBXFileReference; lastKnownFileType = sourcecode.swift; path = AgentEventBridge.swift; sourceTree = "<group>"; };
		0FA4908A4C5468B987D3C4B0 /* GraphPanelView.swift */ = {isa = PBXFileReference; lastKnownFileType = sourcecode.swift; path = GraphPanelView.swift; sourceTree = "<group>"; };
		3CB2E1BF28D58F12D3EA3920 /* ContentView.swift */ = {isa = PBXFileReference; lastKnownFileType = sourcecode.swift; path = ContentView.swift; sourceTree = "<group>"; };
		49CD47C216D04A149EC384CB /* GraphModel.swift */ = {isa = PBXFileReference; lastKnownFileType = sourcecode.swift; path = GraphModel.swift; sourceTree = "<group>"; };
		4B2E470F5D085C5AB063BA8D /* SettingsView.swift */ = {isa = PBXFileReference; lastKnownFileType = sourcecode.swift; path = SettingsView.swift; sourceTree = "<group>"; };
		62F23B872F6DA8C3349C1BA6 /* DashTerm.app */ = {isa = PBXFileReference; explicitFileType = wrapper.application; includeInIndex = 0; path = DashTerm.app; sourceTree = BUILT_PRODUCTS_DIR; };
		634FA434F24433E3FC0938BD /* GraphRenderer.swift */ = {isa = PBXFileReference; lastKnownFileType = sourcecode.swift; path = GraphRenderer.swift; sourceTree = "<group>"; };
		7D7A2B84C31A7A2B0F08D2C6 /* FontAtlas.swift */ = {isa = PBXFileReference; lastKnownFileType = sourcecode.swift; path = FontAtlas.swift; sourceTree = "<group>"; };
		BA7B33752E787C365C4C45B1 /* Shaders.metal */ = {isa = PBXFileReference; lastKnownFileType = sourcecode.metal; path = Shaders.metal; sourceTree = "<group>"; };
		CABE3AEE9E8F71229391BFA2 /* MetalGraphView.swift */ = {isa = PBXFileReference; lastKnownFileType = sourcecode.swift; path = MetalGraphView.swift; sourceTree = "<group>"; };
		CAE03708931E7F48890C5115 /* TerminalSession.swift */ = {isa = PBXFileReference; lastKnownFileType = sourcecode.swift; path = TerminalSession.swift; sourceTree = "<group>"; };
		CE15D4AD41AC751DA3912D80 /* TerminalView.swift */ = {isa = PBXFileReference; lastKnownFileType = sourcecode.swift; path = TerminalView.swift; sourceTree = "<group>"; };
		FB2368EEEE58BBE4CAE34930 /* DashTermApp.swift */ = {isa = PBXFileReference; lastKnownFileType = sourcecode.swift; path = DashTermApp.swift; sourceTree = "<group>"; };
/* End PBXFileReference section */

/* Begin PBXGroup section */
		341567C6ED0D7E22E4578E7C /* DashTerm */ = {
			isa = PBXGroup;
			children = (
				FB2368EEEE58BBE4CAE34930 /* DashTermApp.swift */,
				A6D6B8C3BDE3789AEE20DE84 /* Bridge */,
				77748E52A302A8B5205B865E /* Metal */,
				4EC405A812FA8FA7DEDD52D9 /* Models */,
				8509016BDF2D42FF29D91C84 /* Views */,
			);
			path = DashTerm;
			sourceTree = "<group>";
		};
		4EC405A812FA8FA7DEDD52D9 /* Models */ = {
			isa = PBXGroup;
			children = (
				B2C3D4E5F6A7B8C9D0E1F2A3 /* AgentEventBridge.swift */,
				49CD47C216D04A149EC384CB /* GraphModel.swift */,
				CAE03708931E7F48890C5115 /* TerminalSession.swift */,
			);
			path = Models;
			sourceTree = "<group>";
		};
		77748E52A302A8B5205B865E /* Metal */ = {
			isa = PBXGroup;
			children = (
				7D7A2B84C31A7A2B0F08D2C6 /* FontAtlas.swift */,
				634FA434F24433E3FC0938BD /* GraphRenderer.swift */,
				CABE3AEE9E8F71229391BFA2 /* MetalGraphView.swift */,
				BA7B33752E787C365C4C45B1 /* Shaders.metal */,
			);
			path = Metal;
			sourceTree = "<group>";
		};
		8509016BDF2D42FF29D91C84 /* Views */ = {
			isa = PBXGroup;
			children = (
				3CB2E1BF28D58F12D3EA3920 /* ContentView.swift */,
				0FA4908A4C5468B987D3C4B0 /* GraphPanelView.swift */,
				4B2E470F5D085C5AB063BA8D /* SettingsView.swift */,
				CE15D4AD41AC751DA3912D80 /* TerminalView.swift */,
			);
			path = Views;
			sourceTree = "<group>";
		};
		A6D6B8C3BDE3789AEE20DE84 /* Bridge */ = {
			isa = PBXGroup;
			children = (
				08F5816887E5CFD623B83A8B /* DashTerm-Bridging-Header.h */,
			);
			path = Bridge;
			sourceTree = "<group>";
		};
		BF97E4ADA0B9A7948382ABCC /* Products */ = {
			isa = PBXGroup;
			children = (
				62F23B872F6DA8C3349C1BA6 /* DashTerm.app */,
			);
			name = Products;
			sourceTree = "<group>";
		};
		F357DEE66C7DFBFB18BB0387 = {
			isa = PBXGroup;
			children = (
				341567C6ED0D7E22E4578E7C /* DashTerm */,
				BF97E4ADA0B9A7948382ABCC /* Products */,
			);
			sourceTree = "<group>";
		};
/* End PBXGroup section */

/* Begin PBXNativeTarget section */
		472947145D6210D64658F545 /* DashTerm */ = {
			isa = PBXNativeTarget;
			buildConfigurationList = B03394CE64EA13185C5DD37B /* Build configuration list for PBXNativeTarget "DashTerm" */;
			buildPhases = (
				9DE865FFD3D1914F1E3008CF /* Sources */,
			);
			buildRules = (
			);
			dependencies = (
			);
			name = DashTerm;
			packageProductDependencies = (
			);
			productName = DashTerm;
			productReference = 62F23B872F6DA8C3349C1BA6 /* DashTerm.app */;
			productType = "com.apple.product-type.application";
		};
/* End PBXNativeTarget section */

/* Begin PBXProject section */
		F5656038F9F425CB295F4BCE /* Project object */ = {
			isa = PBXProject;
			attributes = {
				BuildIndependentTargetsInParallel = YES;
				LastUpgradeCheck = 1500;
				TargetAttributes = {
					472947145D6210D64658F545 = {
						ProvisioningStyle = Automatic;
					};
				};
			};
			buildConfigurationList = 46123E34CB842B090F976BD1 /* Build configuration list for PBXProject "DashTerm" */;
			compatibilityVersion = "Xcode 14.0";
			developmentRegion = en;
			hasScannedForEncodings = 0;
			knownRegions = (
				Base,
				en,
			);
			mainGroup = F357DEE66C7DFBFB18BB0387;
			minimizedProjectReferenceProxies = 1;
			preferredProjectObjectVersion = 77;
			projectDirPath = "";
			projectRoot = "";
			targets = (
				472947145D6210D64658F545 /* DashTerm */,
			);
		};
/* End PBXProject section */

/* Begin PBXSourcesBuildPhase section */
		9DE865FFD3D1914F1E3008CF /* Sources */ = {
			isa = PBXSourcesBuildPhase;
			buildActionMask = 2147483647;
			files = (
				A1B2C3D4E5F6A7B8C9D0E1F2 /* AgentEventBridge.swift in Sources */,
				55F4F8DC5ABB2A2A2BA9F413 /* ContentView.swift in Sources */,
				82C267FF215C01D125CB645C /* DashTermApp.swift in Sources */,
				237D03B6FE8A11160F6F3E91 /* FontAtlas.swift in Sources */,
				541F308E8899893ACB53348E /* GraphModel.swift in Sources */,
				9F6CBE5CD1375E645244497C /* GraphPanelView.swift in Sources */,
				7E446AECDFB360BC0C1257B7 /* GraphRenderer.swift in Sources */,
				9943D81FE48FF0E626C5C0A4 /* MetalGraphView.swift in Sources */,
				52EC6D5D3C3C771223FEAB2C /* SettingsView.swift in Sources */,
				9691354D8B847CE459D4DEED /* Shaders.metal in Sources */,
				8A13538B9FF45980FBD08713 /* TerminalSession.swift in Sources */,
				1B32E185353EEBF4EB2C0920 /* TerminalView.swift in Sources */,
			);
			runOnlyForDeploymentPostprocessing = 0;
		};
/* End PBXSourcesBuildPhase section */

/* Begin XCBuildConfiguration section */
		113BC0A8F6836C33A3D83412 /* Debug */ = {
			isa = XCBuildConfiguration;
			buildSettings = {
				ALWAYS_SEARCH_USER_PATHS = NO;
				CLANG_ANALYZER_NONNULL = YES;
				CLANG_ANALYZER_NUMBER_OBJECT_CONVERSION = YES_AGGRESSIVE;
				CLANG_CXX_LANGUAGE_STANDARD = "gnu++14";
				CLANG_CXX_LIBRARY = "libc++";
				CLANG_ENABLE_MODULES = YES;
				CLANG_ENABLE_OBJC_ARC = YES;
				CLANG_ENABLE_OBJC_WEAK = YES;
				CLANG_WARN_BLOCK_CAPTURE_AUTORELEASING = YES;
				CLANG_WARN_BOOL_CONVERSION = YES;
				CLANG_WARN_COMMA = YES;
				CLANG_WARN_CONSTANT_CONVERSION = YES;
				CLANG_WARN_DEPRECATED_OBJC_IMPLEMENTATIONS = YES;
				CLANG_WARN_DIRECT_OBJC_ISA_USAGE = YES_ERROR;
				CLANG_WARN_DOCUMENTATION_COMMENTS = YES;
				CLANG_WARN_EMPTY_BODY = YES;
				CLANG_WARN_ENUM_CONVERSION = YES;
				CLANG_WARN_INFINITE_RECURSION = YES;
				CLANG_WARN_INT_CONVERSION = YES;
				CLANG_WARN_NON_LITERAL_NULL_CONVERSION = YES;
				CLANG_WARN_OBJC_IMPLICIT_RETAIN_SELF = YES;
				CLANG_WARN_OBJC_LITERAL_CONVERSION = YES;
				CLANG_WARN_OBJC_ROOT_CLASS = YES_ERROR;
				CLANG_WARN_QUOTED_INCLUDE_IN_FRAMEWORK_HEADER = YES;
				CLANG_WARN_RANGE_LOOP_ANALYSIS = YES;
				CLANG_WARN_STRICT_PROTOTYPES = YES;
				CLANG_WARN_SUSPICIOUS_MOVE = YES;
				CLANG_WARN_UNGUARDED_AVAILABILITY = YES_AGGRESSIVE;
				CLANG_WARN_UNREACHABLE_CODE = YES;
				CLANG_WARN__DUPLICATE_METHOD_MATCH = YES;
				COPY_PHASE_STRIP = NO;
				DEBUG_INFORMATION_FORMAT = dwarf;
				ENABLE_STRICT_OBJC_MSGSEND = YES;
				ENABLE_TESTABILITY = YES;
				GCC_C_LANGUAGE_STANDARD = gnu11;
				GCC_DYNAMIC_NO_PIC = NO;
				GCC_NO_COMMON_BLOCKS = YES;
				GCC_OPTIMIZATION_LEVEL = 0;
				GCC_PREPROCESSOR_DEFINITIONS = (
					"$(inherited)",
					"DEBUG=1",
				);
				GCC_WARN_64_TO_32_BIT_CONVERSION = YES;
				GCC_WARN_ABOUT_RETURN_TYPE = YES_ERROR;
				GCC_WARN_UNDECLARED_SELECTOR = YES;
				GCC_WARN_UNINITIALIZED_AUTOS = YES_AGGRESSIVE;
				GCC_WARN_UNUSED_FUNCTION = YES;
				GCC_WARN_UNUSED_VARIABLE = YES;
				MACOSX_DEPLOYMENT_TARGET = 14.0;
				MTL_ENABLE_DEBUG_INFO = INCLUDE_SOURCE;
				MTL_FAST_MATH = YES;
				ONLY_ACTIVE_ARCH = YES;
				PRODUCT_NAME = "$(TARGET_NAME)";
				SDKROOT = macosx;
				SWIFT_ACTIVE_COMPILATION_CONDITIONS = DEBUG;
				SWIFT_OPTIMIZATION_LEVEL = "-Onone";
				SWIFT_VERSION = 5.9;
			};
			name = Debug;
		};
		4CD3ECDCA68D7B71488E5815 /* Release */ = {
			isa = XCBuildConfiguration;
			buildSettings = {
				ASSETCATALOG_COMPILER_APPICON_NAME = AppIcon;
				CODE_SIGN_IDENTITY = "-";
				CODE_SIGN_STYLE = Automatic;
				COMBINE_HIDPI_IMAGES = YES;
				CURRENT_PROJECT_VERSION = 1;
				ENABLE_HARDENED_RUNTIME = NO;
				GENERATE_INFOPLIST_FILE = YES;
				HEADER_SEARCH_PATHS = (
					"$(PROJECT_DIR)/DashTerm/Bridge",
				);
				INFOPLIST_GENERATION_MODE = GeneratedFile;
				INFOPLIST_KEY_NSMainStoryboardFile = "";
				INFOPLIST_KEY_NSPrincipalClass = NSApplication;
				LD_RUNPATH_SEARCH_PATHS = (
					"$(inherited)",
					"@executable_path/../Frameworks",
				);
				LIBRARY_SEARCH_PATHS = (
					"$(PROJECT_DIR)/DashTerm/Bridge",
				);
				MARKETING_VERSION = 0.1.0;
				OTHER_LDFLAGS = (
					"-ldashterm_ffi",
					"-lresolv",
				);
				PRODUCT_BUNDLE_IDENTIFIER = com.dashterm.DashTerm;
				SDKROOT = macosx;
				SWIFT_OBJC_BRIDGING_HEADER = "$(PROJECT_DIR)/DashTerm/Bridge/DashTerm-Bridging-Header.h";
			};
			name = Release;
		};
		93FFA94C8BB3087514DED88B /* Debug */ = {
			isa = XCBuildConfiguration;
			buildSettings = {
				ASSETCATALOG_COMPILER_APPICON_NAME = AppIcon;
				CODE_SIGN_IDENTITY = "-";
				CODE_SIGN_STYLE = Automatic;
				COMBINE_HIDPI_IMAGES = YES;
				CURRENT_PROJECT_VERSION = 1;
				ENABLE_HARDENED_RUNTIME = NO;
				GENERATE_INFOPLIST_FILE = YES;
				HEADER_SEARCH_PATHS = (
					"$(PROJECT_DIR)/DashTerm/Bridge",
				);
				INFOPLIST_GENERATION_MODE = GeneratedFile;
				INFOPLIST_KEY_NSMainStoryboardFile = "";
				INFOPLIST_KEY_NSPrincipalClass = NSApplication;
				LD_RUNPATH_SEARCH_PATHS = (
					"$(inherited)",
					"@executable_path/../Frameworks",
				);
				LIBRARY_SEARCH_PATHS = (
					"$(PROJECT_DIR)/DashTerm/Bridge",
				);
				MARKETING_VERSION = 0.1.0;
				OTHER_LDFLAGS = (
					"-ldashterm_ffi",
					"-lresolv",
				);
				PRODUCT_BUNDLE_IDENTIFIER = com.dashterm.DashTerm;
				SDKROOT = macosx;
				SWIFT_OBJC_BRIDGING_HEADER = "$(PROJECT_DIR)/DashTerm/Bridge/DashTerm-Bridging-Header.h";
			};
			name = Debug;
		};
		B19CC3B8B84B94EB761FD843 /* Release */ = {
			isa = XCBuildConfiguration;
			buildSettings = {
				ALWAYS_SEARCH_USER_PATHS = NO;
				CLANG_ANALYZER_NONNULL = YES;
				CLANG_ANALYZER_NUMBER_OBJECT_CONVERSION = YES_AGGRESSIVE;
				CLANG_CXX_LANGUAGE_STANDARD = "gnu++14";
				CLANG_CXX_LIBRARY = "libc++";
				CLANG_ENABLE_MODULES = YES;
				CLANG_ENABLE_OBJC_ARC = YES;
				CLANG_ENABLE_OBJC_WEAK = YES;
				CLANG_WARN_BLOCK_CAPTURE_AUTORELEASING = YES;
				CLANG_WARN_BOOL_CONVERSION = YES;
				CLANG_WARN_COMMA = YES;
				CLANG_WARN_CONSTANT_CONVERSION = YES;
				CLANG_WARN_DEPRECATED_OBJC_IMPLEMENTATIONS = YES;
				CLANG_WARN_DIRECT_OBJC_ISA_USAGE = YES_ERROR;
				CLANG_WARN_DOCUMENTATION_COMMENTS = YES;
				CLANG_WARN_EMPTY_BODY = YES;
				CLANG_WARN_ENUM_CONVERSION = YES;
				CLANG_WARN_INFINITE_RECURSION = YES;
				CLANG_WARN_INT_CONVERSION = YES;
				CLANG_WARN_NON_LITERAL_NULL_CONVERSION = YES;
				CLANG_WARN_OBJC_IMPLICIT_RETAIN_SELF = YES;
				CLANG_WARN_OBJC_LITERAL_CONVERSION = YES;
				CLANG_WARN_OBJC_ROOT_CLASS = YES_ERROR;
				CLANG_WARN_QUOTED_INCLUDE_IN_FRAMEWORK_HEADER = YES;
				CLANG_WARN_RANGE_LOOP_ANALYSIS = YES;
				CLANG_WARN_STRICT_PROTOTYPES = YES;
				CLANG_WARN_SUSPICIOUS_MOVE = YES;
				CLANG_WARN_UNGUARDED_AVAILABILITY = YES_AGGRESSIVE;
				CLANG_WARN_UNREACHABLE_CODE = YES;
				CLANG_WARN__DUPLICATE_METHOD_MATCH = YES;
				COPY_PHASE_STRIP = NO;
				DEBUG_INFORMATION_FORMAT = "dwarf-with-dsym";
				ENABLE_NS_ASSERTIONS = NO;
				ENABLE_STRICT_OBJC_MSGSEND = YES;
				GCC_C_LANGUAGE_STANDARD = gnu11;
				GCC_NO_COMMON_BLOCKS = YES;
				GCC_WARN_64_TO_32_BIT_CONVERSION = YES;
				GCC_WARN_ABOUT_RETURN_TYPE = YES_ERROR;
				GCC_WARN_UNDECLARED_SELECTOR = YES;
				GCC_WARN_UNINITIALIZED_AUTOS = YES_AGGRESSIVE;
				GCC_WARN_UNUSED_FUNCTION = YES;
				GCC_WARN_UNUSED_VARIABLE = YES;
				MACOSX_DEPLOYMENT_TARGET = 14.0;
				MTL_ENABLE_DEBUG_INFO = NO;
				MTL_FAST_MATH = YES;
				PRODUCT_NAME = "$(TARGET_NAME)";
				SDKROOT = macosx;
				SWIFT_COMPILATION_MODE = wholemodule;
				SWIFT_OPTIMIZATION_LEVEL = "-O";
				SWIFT_VERSION = 5.9;
			};
			name = Release;
		};
/* End XCBuildConfiguration section */

/* Begin XCConfigurationList section */
		46123E34CB842B090F976BD1 /* Build configuration list for PBXProject "DashTerm" */ = {
			isa = XCConfigurationList;
			buildConfigurations = (
				113BC0A8F6836C33A3D83412 /* Debug */,
				B19CC3B8B84B94EB761FD843 /* Release */,
			);
			defaultConfigurationIsVisible = 0;
			defaultConfigurationName = Debug;
		};
		B03394CE64EA13185C5DD37B /* Build configuration list for PBXNativeTarget "DashTerm" */ = {
			isa = XCConfigurationList;
			buildConfigurations = (
				93FFA94C8BB3087514DED88B /* Debug */,
				4CD3ECDCA68D7B71488E5815 /* Release */,
			);
			defaultConfigurationIsVisible = 0;
			defaultConfigurationName = Debug;
		};
/* End XCConfigurationList section */
	};
	rootObject = F5656038F9F425CB295F4BCE /* Project object */;
}
